
Microsoft Visual Studio Solution File, Format Version 12.00
# Visual Studio Version 16
VisualStudioVersion = 16.0.31424.327
MinimumVisualStudioVersion = 10.0.40219.1
Project("{FAE04EC0-301F-11D3-BF4B-00C04F79EFBC}") = "GalleryApp.UWP", "GalleryApp\GalleryApp.UWP\GalleryApp.UWP.csproj", "{B5718A5D-9F50-43CC-8AFA-19FAE16F8CB6}"
EndProject
Project("{FAE04EC0-301F-11D3-BF4B-00C04F79EFBC}") = "GalleryApp.Android", "GalleryApp\GalleryApp.Android\GalleryApp.Android.csproj", "{72D266C3-585C-420E-81AB-89C6FD4E090D}"
EndProject
Project("{FAE04EC0-301F-11D3-BF4B-00C04F79EFBC}") = "GalleryApp.iOS", "GalleryApp\GalleryApp.iOS\GalleryApp.iOS.csproj", "{FFE06724-4967-4580-B1F5-C03B389CAD5D}"
EndProject
Project("{FAE04EC0-301F-11D3-BF4B-00C04F79EFBC}") = "GalleryApp", "GalleryApp\GalleryApp\GalleryApp.csproj", "{9402DB35-3D6D-477A-A522-93EBC8B33F51}"
EndProject
Global
	GlobalSection(SolutionConfigurationPlatforms) = preSolution
		Debug|Any CPU = Debug|Any CPU
		Debug|ARM = Debug|ARM
		Debug|iPhone = Debug|iPhone
		Debug|iPhoneSimulator = Debug|iPhoneSimulator
		Debug|x64 = Debug|x64
		Debug|x86 = Debug|x86
		Release|Any CPU = Release|Any CPU
		Release|ARM = Release|ARM
		Release|iPhone = Release|iPhone
		Release|iPhoneSimulator = Release|iPhoneSimulator
		Release|x64 = Release|x64
		Release|x86 = Release|x86
	EndGlobalSection
	GlobalSection(ProjectConfigurationPlatforms) = postSolution
		{B5718A5D-9F50-43CC-8AFA-19FAE16F8CB6}.Debug|Any CPU.ActiveCfg = Debug|x86
		{B5718A5D-9F50-43CC-8AFA-19FAE16F8CB6}.Debug|Any CPU.Build.0 = Debug|x86
		{B5718A5D-9F50-43CC-8AFA-19FAE16F8CB6}.Debug|Any CPU.Deploy.0 = Debug|x86
		{B5718A5D-9F50-43CC-8AFA-19FAE16F8CB6}.Debug|ARM.ActiveCfg = Debug|ARM
		{B5718A5D-9F50-43CC-8AFA-19FAE16F8CB6}.Debug|ARM.Build.0 = Debug|ARM
		{B5718A5D-9F50-43CC-8AFA-19FAE16F8CB6}.Debug|ARM.Deploy.0 = Debug|ARM
		{B5718A5D-9F50-43CC-8AFA-19FAE16F8CB6}.Debug|iPhone.ActiveCfg = Debug|x86
		{B5718A5D-9F50-43CC-8AFA-19FAE16F8CB6}.Debug|iPhone.Build.0 = Debug|x86
		{B5718A5D-9F50-43CC-8AFA-19FAE16F8CB6}.Debug|iPhone.Deploy.0 = Debug|x86
		{B5718A5D-9F50-43CC-8AFA-19FAE16F8CB6}.Debug|iPhoneSimulator.ActiveCfg = Debug|x86
		{B5718A5D-9F50-43CC-8AFA-19FAE16F8CB6}.Debug|iPhoneSimulator.Build.0 = Debug|x86
		{B5718A5D-9F50-43CC-8AFA-19FAE16F8CB6}.Debug|iPhoneSimulator.Deploy.0 = Debug|x86
		{B5718A5D-9F50-43CC-8AFA-19FAE16F8CB6}.Debug|x64.ActiveCfg = Debug|x64
		{B5718A5D-9F50-43CC-8AFA-19FAE16F8CB6}.Debug|x64.Build.0 = Debug|x64
		{B5718A5D-9F50-43CC-8AFA-19FAE16F8CB6}.Debug|x64.Deploy.0 = Debug|x64
		{B5718A5D-9F50-43CC-8AFA-19FAE16F8CB6}.Debug|x86.ActiveCfg = Debug|x86
		{B5718A5D-9F50-43CC-8AFA-19FAE16F8CB6}.Debug|x86.Build.0 = Debug|x86
		{B5718A5D-9F50-43CC-8AFA-19FAE16F8CB6}.Debug|x86.Deploy.0 = Debug|x86
		{B5718A5D-9F50-43CC-8AFA-19FAE16F8CB6}.Release|Any CPU.ActiveCfg = Release|x86
		{B5718A5D-9F50-43CC-8AFA-19FAE16F8CB6}.Release|Any CPU.Build.0 = Release|x86
		{B5718A5D-9F50-43CC-8AFA-19FAE16F8CB6}.Release|Any CPU.Deploy.0 = Release|x86
		{B5718A5D-9F50-43CC-8AFA-19FAE16F8CB6}.Release|ARM.ActiveCfg = Release|ARM
		{B5718A5D-9F50-43CC-8AFA-19FAE16F8CB6}.Release|ARM.Build.0 = Release|ARM
		{B5718A5D-9F50-43CC-8AFA-19FAE16F8CB6}.Release|ARM.Deploy.0 = Release|ARM
		{B5718A5D-9F50-43CC-8AFA-19FAE16F8CB6}.Release|iPhone.ActiveCfg = Release|x86
		{B5718A5D-9F50-43CC-8AFA-19FAE16F8CB6}.Release|iPhone.Build.0 = Release|x86
		{B5718A5D-9F50-43CC-8AFA-19FAE16F8CB6}.Release|iPhone.Deploy.0 = Release|x86
		{B5718A5D-9F50-43CC-8AFA-19FAE16F8CB6}.Release|iPhoneSimulator.ActiveCfg = Release|x86
		{B5718A5D-9F50-43CC-8AFA-19FAE16F8CB6}.Release|iPhoneSimulator.Build.0 = Release|x86
		{B5718A5D-9F50-43CC-8AFA-19FAE16F8CB6}.Release|iPhoneSimulator.Deploy.0 = Release|x86
		{B5718A5D-9F50-43CC-8AFA-19FAE16F8CB6}.Release|x64.ActiveCfg = Release|x64
		{B5718A5D-9F50-43CC-8AFA-19FAE16F8CB6}.Release|x64.Build.0 = Release|x64
		{B5718A5D-9F50-43CC-8AFA-19FAE16F8CB6}.Release|x64.Deploy.0 = Release|x64
		{B5718A5D-9F50-43CC-8AFA-19FAE16F8CB6}.Release|x86.ActiveCfg = Release|x86
		{B5718A5D-9F50-43CC-8AFA-19FAE16F8CB6}.Release|x86.Build.0 = Release|x86
		{B5718A5D-9F50-43CC-8AFA-19FAE16F8CB6}.Release|x86.Deploy.0 = Release|x86
		{72D266C3-585C-420E-81AB-89C6FD4E090D}.Debug|Any CPU.ActiveCfg = Debug|Any CPU
		{72D266C3-585C-420E-81AB-89C6FD4E090D}.Debug|Any CPU.Build.0 = Debug|Any CPU
		{72D266C3-585C-420E-81AB-89C6FD4E090D}.Debug|Any CPU.Deploy.0 = Debug|Any CPU
		{72D266C3-585C-420E-81AB-89C6FD4E090D}.Debug|ARM.ActiveCfg = Debug|Any CPU
		{72D266C3-585C-420E-81AB-89C6FD4E090D}.Debug|ARM.Build.0 = Debug|Any CPU
		{72D266C3-585C-420E-81AB-89C6FD4E090D}.Debug|ARM.Deploy.0 = Debug|Any CPU
		{72D266C3-585C-420E-81AB-89C6FD4E090D}.Debug|iPhone.ActiveCfg = Debug|Any CPU
		{72D266C3-585C-420E-81AB-89C6FD4E090D}.Debug|iPhone.Build.0 = Debug|Any CPU
		{72D266C3-585C-420E-81AB-89C6FD4E090D}.Debug|iPhone.Deploy.0 = Debug|Any CPU
		{72D266C3-585C-420E-81AB-89C6FD4E090D}.Debug|iPhoneSimulator.ActiveCfg = Debug|Any CPU
		{72D266C3-585C-420E-81AB-89C6FD4E090D}.Debug|iPhoneSimulator.Build.0 = Debug|Any CPU
		{72D266C3-585C-420E-81AB-89C6FD4E090D}.Debug|iPhoneSimulator.Deploy.0 = Debug|Any CPU
		{72D266C3-585C-420E-81AB-89C6FD4E090D}.Debug|x64.ActiveCfg = Debug|Any CPU
		{72D266C3-585C-420E-81AB-89C6FD4E090D}.Debug|x64.Build.0 = Debug|Any CPU
		{72D266C3-585C-420E-81AB-89C6FD4E090D}.Debug|x64.Deploy.0 = Debug|Any CPU
		{72D266C3-585C-420E-81AB-89C6FD4E090D}.Debug|x86.ActiveCfg = Debug|Any CPU
		{72D266C3-585C-420E-81AB-89C6FD4E090D}.Debug|x86.Build.0 = Debug|Any CPU
		{72D266C3-585C-420E-81AB-89C6FD4E090D}.Debug|x86.Deploy.0 = Debug|Any CPU
		{72D266C3-585C-420E-81AB-89C6FD4E090D}.Release|Any CPU.ActiveCfg = Release|Any CPU
		{72D266C3-585C-420E-81AB-89C6FD4E090D}.Release|Any CPU.Build.0 = Release|Any CPU
		{72D266C3-585C-420E-81AB-89C6FD4E090D}.Release|Any CPU.Deploy.0 = Release|Any CPU
		{72D266C3-585C-420E-81AB-89C6FD4E090D}.Release|ARM.ActiveCfg = Release|Any CPU
		{72D266C3-585C-420E-81AB-89C6FD4E090D}.Release|ARM.Build.0 = Release|Any CPU
		{72D266C3-585C-420E-81AB-89C6FD4E090D}.Release|ARM.Deploy.0 = Release|Any CPU
		{72D266C3-585C-420E-81AB-89C6FD4E090D}.Release|iPhone.ActiveCfg = Release|Any CPU
		{72D266C3-585C-420E-81AB-89C6FD4E090D}.Release|iPhone.Build.0 = Release|Any CPU
		{72D266C3-585C-420E-81AB-89C6FD4E090D}.Release|iPhone.Deploy.0 = Release|Any CPU
		{72D266C3-585C-420E-81AB-89C6FD4E090D}.Release|iPhoneSimulator.ActiveCfg = Release|Any CPU
		{72D266C3-585C-420E-81AB-89C6FD4E090D}.Release|iPhoneSimulator.Build.0 = Release|Any CPU
		{72D266C3-585C-420E-81AB-89C6FD4E090D}.Release|iPhoneSimulator.Deploy.0 = Release|Any CPU
		{72D266C3-585C-420E-81AB-89C6FD4E090D}.Release|x64.ActiveCfg = Release|Any CPU
		{72D266C3-585C-420E-81AB-89C6FD4E090D}.Release|x64.Build.0 = Release|Any CPU
		{72D266C3-585C-420E-81AB-89C6FD4E090D}.Release|x64.Deploy.0 = Release|Any CPU
		{72D266C3-585C-420E-81AB-89C6FD4E090D}.Release|x86.ActiveCfg = Release|Any CPU
		{72D266C3-585C-420E-81AB-89C6FD4E090D}.Release|x86.Build.0 = Release|Any CPU
		{72D266C3-585C-420E-81AB-89C6FD4E090D}.Release|x86.Deploy.0 = Release|Any CPU
		{FFE06724-4967-4580-B1F5-C03B389CAD5D}.Debug|Any CPU.ActiveCfg = Debug|iPhoneSimulator
		{FFE06724-4967-4580-B1F5-C03B389CAD5D}.Debug|Any CPU.Build.0 = Debug|iPhoneSimulator
		{FFE06724-4967-4580-B1F5-C03B389CAD5D}.Debug|Any CPU.Deploy.0 = Debug|iPhoneSimulator
		{FFE06724-4967-4580-B1F5-C03B389CAD5D}.Debug|ARM.ActiveCfg = Debug|iPhone
		{FFE06724-4967-4580-B1F5-C03B389CAD5D}.Debug|ARM.Build.0 = Debug|iPhone
		{FFE06724-4967-4580-B1F5-C03B389CAD5D}.Debug|ARM.Deploy.0 = Debug|iPhone
		{FFE06724-4967-4580-B1F5-C03B389CAD5D}.Debug|iPhone.ActiveCfg = Debug|iPhone
		{FFE06724-4967-4580-B1F5-C03B389CAD5D}.Debug|iPhone.Build.0 = Debug|iPhone
		{FFE06724-4967-4580-B1F5-C03B389CAD5D}.Debug|iPhone.Deploy.0 = Debug|iPhone
		{FFE06724-4967-4580-B1F5-C03B389CAD5D}.Debug|iPhoneSimulator.ActiveCfg = Debug|iPhoneSimulator
		{FFE06724-4967-4580-B1F5-C03B389CAD5D}.Debug|iPhoneSimulator.Build.0 = Debug|iPhoneSimulator
		{FFE06724-4967-4580-B1F5-C03B389CAD5D}.Debug|iPhoneSimulator.Deploy.0 = Debug|iPhoneSimulator
		{FFE06724-4967-4580-B1F5-C03B389CAD5D}.Debug|x64.ActiveCfg = Debug|iPhoneSimulator
		{FFE06724-4967-4580-B1F5-C03B389CAD5D}.Debug|x64.Build.0 = Debug|iPhoneSimulator
		{FFE06724-4967-4580-B1F5-C03B389CAD5D}.Debug|x64.Deploy.0 = Debug|iPhoneSimulator
		{FFE06724-4967-4580-B1F5-C03B389CAD5D}.Debug|x86.ActiveCfg = Debug|iPhoneSimulator
		{FFE06724-4967-4580-B1F5-C03B389CAD5D}.Debug|x86.Build.0 = Debug|iPhoneSimulator
		{FFE06724-4967-4580-B1F5-C03B389CAD5D}.Debug|x86.Deploy.0 = Debug|iPhoneSimulator
		{FFE06724-4967-4580-B1F5-C03B389CAD5D}.Release|Any CPU.ActiveCfg = Release|iPhoneSimulator
		{FFE06724-4967-4580-B1F5-C03B389CAD5D}.Release|Any CPU.Build.0 = Release|iPhoneSimulator
		{FFE06724-4967-4580-B1F5-C03B389CAD5D}.Release|Any CPU.Deploy.0 = Release|iPhoneSimulator
		{FFE06724-4967-4580-B1F5-C03B389CAD5D}.Release|ARM.ActiveCfg = Release|iPhoneSimulator
		{FFE06724-4967-4580-B1F5-C03B389CAD5D}.Release|ARM.Build.0 = Release|iPhoneSimulator
		{FFE06724-4967-4580-B1F5-C03B389CAD5D}.Release|ARM.Deploy.0 = Release|iPhoneSimulator
		{FFE06724-4967-4580-B1F5-C03B389CAD5D}.Release|iPhone.ActiveCfg = Release|iPhone
		{FFE06724-4967-4580-B1F5-C03B389CAD5D}.Release|iPhone.Build.0 = Release|iPhone
		{FFE06724-4967-4580-B1F5-C03B389CAD5D}.Release|iPhone.Deploy.0 = Release|iPhone
		{FFE06724-4967-4580-B1F5-C03B389CAD5D}.Release|iPhoneSimulator.ActiveCfg = Release|iPhoneSimulator
		{FFE06724-4967-4580-B1F5-C03B389CAD5D}.Release|iPhoneSimulator.Build.0 = Release|iPhoneSimulator
		{FFE06724-4967-4580-B1F5-C03B389CAD5D}.Release|iPhoneSimulator.Deploy.0 = Release|iPhoneSimulator
		{FFE06724-4967-4580-B1F5-C03B389CAD5D}.Release|x64.ActiveCfg = Release|iPhoneSimulator
		{FFE06724-4967-4580-B1F5-C03B389CAD5D}.Release|x64.Build.0 = Release|iPhoneSimulator
		{FFE06724-4967-4580-B1F5-C03B389CAD5D}.Release|x64.Deploy.0 = Release|iPhoneSimulator
		{FFE06724-4967-4580-B1F5-C03B389CAD5D}.Release|x86.ActiveCfg = Release|iPhoneSimulator
		{FFE06724-4967-4580-B1F5-C03B389CAD5D}.Release|x86.Build.0 = Release|iPhoneSimulator
		{FFE06724-4967-4580-B1F5-C03B389CAD5D}.Release|x86.Deploy.0 = Release|iPhoneSimulator
		{9402DB35-3D6D-477A-A522-93EBC8B33F51}.Debug|Any CPU.ActiveCfg = Debug|Any CPU
		{9402DB35-3D6D-477A-A522-93EBC8B33F51}.Debug|Any CPU.Build.0 = Debug|Any CPU
		{9402DB35-3D6D-477A-A522-93EBC8B33F51}.Debug|Any CPU.Deploy.0 = Debug|Any CPU
		{9402DB35-3D6D-477A-A522-93EBC8B33F51}.Debug|ARM.ActiveCfg = Debug|Any CPU
		{9402DB35-3D6D-477A-A522-93EBC8B33F51}.Debug|ARM.Build.0 = Debug|Any CPU
		{9402DB35-3D6D-477A-A522-93EBC8B33F51}.Debug|ARM.Deploy.0 = Debug|Any CPU
		{9402DB35-3D6D-477A-A522-93EBC8B33F51}.Debug|iPhone.ActiveCfg = Debug|Any CPU
		{9402DB35-3D6D-477A-A522-93EBC8B33F51}.Debug|iPhone.Build.0 = Debug|Any CPU
		{9402DB35-3D6D-477A-A522-93EBC8B33F51}.Debug|iPhone.Deploy.0 = Debug|Any CPU
		{9402DB35-3D6D-477A-A522-93EBC8B33F51}.Debug|iPhoneSimulator.ActiveCfg = Debug|Any CPU
		{9402DB35-3D6D-477A-A522-93EBC8B33F51}.Debug|iPhoneSimulator.Build.0 = Debug|Any CPU
		{9402DB35-3D6D-477A-A522-93EBC8B33F51}.Debug|iPhoneSimulator.Deploy.0 = Debug|Any CPU
		{9402DB35-3D6D-477A-A522-93EBC8B33F51}.Debug|x64.ActiveCfg = Debug|Any CPU
		{9402DB35-3D6D-477A-A522-93EBC8B33F51}.Debug|x64.Build.0 = Debug|Any CPU
		{9402DB35-3D6D-477A-A522-93EBC8B33F51}.Debug|x64.Deploy.0 = Debug|Any CPU
		{9402DB35-3D6D-477A-A522-93EBC8B33F51}.Debug|x86.ActiveCfg = Debug|Any CPU
		{9402DB35-3D6D-477A-A522-93EBC8B33F51}.Debug|x86.Build.0 = Debug|Any CPU
		{9402DB35-3D6D-477A-A522-93EBC8B33F51}.Debug|x86.Deploy.0 = Debug|Any CPU
		{9402DB35-3D6D-477A-A522-93EBC8B33F51}.Release|Any CPU.ActiveCfg = Release|Any CPU
		{9402DB35-3D6D-477A-A522-93EBC8B33F51}.Release|Any CPU.Build.0 = Release|Any CPU
		{9402DB35-3D6D-477A-A522-93EBC8B33F51}.Release|Any CPU.Deploy.0 = Release|Any CPU
		{9402DB35-3D6D-477A-A522-93EBC8B33F51}.Release|ARM.ActiveCfg = Release|Any CPU
		{9402DB35-3D6D-477A-A522-93EBC8B33F51}.Release|ARM.Build.0 = Release|Any CPU
		{9402DB35-3D6D-477A-A522-93EBC8B33F51}.Release|ARM.Deploy.0 = Release|Any CPU
		{9402DB35-3D6D-477A-A522-93EBC8B33F51}.Release|iPhone.ActiveCfg = Release|Any CPU
		{9402DB35-3D6D-477A-A522-93EBC8B33F51}.Release|iPhone.Build.0 = Release|Any CPU
		{9402DB35-3D6D-477A-A522-93EBC8B33F51}.Release|iPhone.Deploy.0 = Release|Any CPU
		{9402DB35-3D6D-477A-A522-93EBC8B33F51}.Release|iPhoneSimulator.ActiveCfg = Release|Any CPU
		{9402DB35-3D6D-477A-A522-93EBC8B33F51}.Release|iPhoneSimulator.Build.0 = Release|Any CPU
		{9402DB35-3D6D-477A-A522-93EBC8B33F51}.Release|iPhoneSimulator.Deploy.0 = Release|Any CPU
		{9402DB35-3D6D-477A-A522-93EBC8B33F51}.Release|x64.ActiveCfg = Release|Any CPU
		{9402DB35-3D6D-477A-A522-93EBC8B33F51}.Release|x64.Build.0 = Release|Any CPU
		{9402DB35-3D6D-477A-A522-93EBC8B33F51}.Release|x64.Deploy.0 = Release|Any CPU
		{9402DB35-3D6D-477A-A522-93EBC8B33F51}.Release|x86.ActiveCfg = Release|Any CPU
		{9402DB35-3D6D-477A-A522-93EBC8B33F51}.Release|x86.Build.0 = Release|Any CPU
		{9402DB35-3D6D-477A-A522-93EBC8B33F51}.Release|x86.Deploy.0 = Release|Any CPU
	EndGlobalSection
	GlobalSection(SolutionProperties) = preSolution
		HideSolutionNode = FALSE
	EndGlobalSection
	GlobalSection(ExtensibilityGlobals) = postSolution
		SolutionGuid = {958515BE-285C-4068-8AAD-8D7ADB68DCE1}
	EndGlobalSection
EndGlobal
