
Microsoft Visual Studio Solution File, Format Version 12.00
# Visual Studio Version 16
VisualStudioVersion = 16.0.31313.79
MinimumVisualStudioVersion = 10.0.40219.1
Project("{FAE04EC0-301F-11D3-BF4B-00C04F79EFBC}") = "DoToo.UWP", "DoToo\DoToo.UWP\DoToo.UWP.csproj", "{3DCFABB0-337A-45C7-AB5C-41F310D505D5}"
EndProject
Project("{FAE04EC0-301F-11D3-BF4B-00C04F79EFBC}") = "DoToo.Android", "DoToo\DoToo.Android\DoToo.Android.csproj", "{F480A6C8-045B-45A5-AA6C-F2D4C02F49EA}"
EndProject
Project("{FAE04EC0-301F-11D3-BF4B-00C04F79EFBC}") = "DoToo.iOS", "DoToo\DoToo.iOS\DoToo.iOS.csproj", "{D7D3D490-9826-4087-B89A-5256FDFDDDBF}"
EndProject
Project("{9A19103F-16F7-4668-BE54-9A1E7A4F7556}") = "DoToo", "DoToo\DoToo\DoToo.csproj", "{09FDC728-1B05-45F2-A4E7-98180274B58E}"
EndProject
Global
	GlobalSection(SolutionConfigurationPlatforms) = preSolution
		Debug|Any CPU = Debug|Any CPU
		Debug|ARM = Debug|ARM
		Debug|iPhone = Debug|iPhone
		Debug|iPhoneSimulator = Debug|iPhoneSimulator
		Debug|x64 = Debug|x64
		Debug|x86 = Debug|x86
		Release|Any CPU = Release|Any CPU
		Release|ARM = Release|ARM
		Release|iPhone = Release|iPhone
		Release|iPhoneSimulator = Release|iPhoneSimulator
		Release|x64 = Release|x64
		Release|x86 = Release|x86
	EndGlobalSection
	GlobalSection(ProjectConfigurationPlatforms) = postSolution
		{3DCFABB0-337A-45C7-AB5C-41F310D505D5}.Debug|Any CPU.ActiveCfg = Debug|x86
		{3DCFABB0-337A-45C7-AB5C-41F310D505D5}.Debug|Any CPU.Build.0 = Debug|x86
		{3DCFABB0-337A-45C7-AB5C-41F310D505D5}.Debug|Any CPU.Deploy.0 = Debug|x86
		{3DCFABB0-337A-45C7-AB5C-41F310D505D5}.Debug|ARM.ActiveCfg = Debug|ARM
		{3DCFABB0-337A-45C7-AB5C-41F310D505D5}.Debug|ARM.Build.0 = Debug|ARM
		{3DCFABB0-337A-45C7-AB5C-41F310D505D5}.Debug|ARM.Deploy.0 = Debug|ARM
		{3DCFABB0-337A-45C7-AB5C-41F310D505D5}.Debug|iPhone.ActiveCfg = Debug|x86
		{3DCFABB0-337A-45C7-AB5C-41F310D505D5}.Debug|iPhone.Build.0 = Debug|x86
		{3DCFABB0-337A-45C7-AB5C-41F310D505D5}.Debug|iPhone.Deploy.0 = Debug|x86
		{3DCFABB0-337A-45C7-AB5C-41F310D505D5}.Debug|iPhoneSimulator.ActiveCfg = Debug|x86
		{3DCFABB0-337A-45C7-AB5C-41F310D505D5}.Debug|iPhoneSimulator.Build.0 = Debug|x86
		{3DCFABB0-337A-45C7-AB5C-41F310D505D5}.Debug|iPhoneSimulator.Deploy.0 = Debug|x86
		{3DCFABB0-337A-45C7-AB5C-41F310D505D5}.Debug|x64.ActiveCfg = Debug|x64
		{3DCFABB0-337A-45C7-AB5C-41F310D505D5}.Debug|x64.Build.0 = Debug|x64
		{3DCFABB0-337A-45C7-AB5C-41F310D505D5}.Debug|x64.Deploy.0 = Debug|x64
		{3DCFABB0-337A-45C7-AB5C-41F310D505D5}.Debug|x86.ActiveCfg = Debug|x86
		{3DCFABB0-337A-45C7-AB5C-41F310D505D5}.Debug|x86.Build.0 = Debug|x86
		{3DCFABB0-337A-45C7-AB5C-41F310D505D5}.Debug|x86.Deploy.0 = Debug|x86
		{3DCFABB0-337A-45C7-AB5C-41F310D505D5}.Release|Any CPU.ActiveCfg = Release|x86
		{3DCFABB0-337A-45C7-AB5C-41F310D505D5}.Release|Any CPU.Build.0 = Release|x86
		{3DCFABB0-337A-45C7-AB5C-41F310D505D5}.Release|Any CPU.Deploy.0 = Release|x86
		{3DCFABB0-337A-45C7-AB5C-41F310D505D5}.Release|ARM.ActiveCfg = Release|ARM
		{3DCFABB0-337A-45C7-AB5C-41F310D505D5}.Release|ARM.Build.0 = Release|ARM
		{3DCFABB0-337A-45C7-AB5C-41F310D505D5}.Release|ARM.Deploy.0 = Release|ARM
		{3DCFABB0-337A-45C7-AB5C-41F310D505D5}.Release|iPhone.ActiveCfg = Release|x86
		{3DCFABB0-337A-45C7-AB5C-41F310D505D5}.Release|iPhone.Build.0 = Release|x86
		{3DCFABB0-337A-45C7-AB5C-41F310D505D5}.Release|iPhone.Deploy.0 = Release|x86
		{3DCFABB0-337A-45C7-AB5C-41F310D505D5}.Release|iPhoneSimulator.ActiveCfg = Release|x86
		{3DCFABB0-337A-45C7-AB5C-41F310D505D5}.Release|iPhoneSimulator.Build.0 = Release|x86
		{3DCFABB0-337A-45C7-AB5C-41F310D505D5}.Release|iPhoneSimulator.Deploy.0 = Release|x86
		{3DCFABB0-337A-45C7-AB5C-41F310D505D5}.Release|x64.ActiveCfg = Release|x64
		{3DCFABB0-337A-45C7-AB5C-41F310D505D5}.Release|x64.Build.0 = Release|x64
		{3DCFABB0-337A-45C7-AB5C-41F310D505D5}.Release|x64.Deploy.0 = Release|x64
		{3DCFABB0-337A-45C7-AB5C-41F310D505D5}.Release|x86.ActiveCfg = Release|x86
		{3DCFABB0-337A-45C7-AB5C-41F310D505D5}.Release|x86.Build.0 = Release|x86
		{3DCFABB0-337A-45C7-AB5C-41F310D505D5}.Release|x86.Deploy.0 = Release|x86
		{F480A6C8-045B-45A5-AA6C-F2D4C02F49EA}.Debug|Any CPU.ActiveCfg = Debug|Any CPU
		{F480A6C8-045B-45A5-AA6C-F2D4C02F49EA}.Debug|Any CPU.Build.0 = Debug|Any CPU
		{F480A6C8-045B-45A5-AA6C-F2D4C02F49EA}.Debug|Any CPU.Deploy.0 = Debug|Any CPU
		{F480A6C8-045B-45A5-AA6C-F2D4C02F49EA}.Debug|ARM.ActiveCfg = Debug|Any CPU
		{F480A6C8-045B-45A5-AA6C-F2D4C02F49EA}.Debug|ARM.Build.0 = Debug|Any CPU
		{F480A6C8-045B-45A5-AA6C-F2D4C02F49EA}.Debug|ARM.Deploy.0 = Debug|Any CPU
		{F480A6C8-045B-45A5-AA6C-F2D4C02F49EA}.Debug|iPhone.ActiveCfg = Debug|Any CPU
		{F480A6C8-045B-45A5-AA6C-F2D4C02F49EA}.Debug|iPhone.Build.0 = Debug|Any CPU
		{F480A6C8-045B-45A5-AA6C-F2D4C02F49EA}.Debug|iPhone.Deploy.0 = Debug|Any CPU
		{F480A6C8-045B-45A5-AA6C-F2D4C02F49EA}.Debug|iPhoneSimulator.ActiveCfg = Debug|Any CPU
		{F480A6C8-045B-45A5-AA6C-F2D4C02F49EA}.Debug|iPhoneSimulator.Build.0 = Debug|Any CPU
		{F480A6C8-045B-45A5-AA6C-F2D4C02F49EA}.Debug|iPhoneSimulator.Deploy.0 = Debug|Any CPU
		{F480A6C8-045B-45A5-AA6C-F2D4C02F49EA}.Debug|x64.ActiveCfg = Debug|Any CPU
		{F480A6C8-045B-45A5-AA6C-F2D4C02F49EA}.Debug|x64.Build.0 = Debug|Any CPU
		{F480A6C8-045B-45A5-AA6C-F2D4C02F49EA}.Debug|x64.Deploy.0 = Debug|Any CPU
		{F480A6C8-045B-45A5-AA6C-F2D4C02F49EA}.Debug|x86.ActiveCfg = Debug|Any CPU
		{F480A6C8-045B-45A5-AA6C-F2D4C02F49EA}.Debug|x86.Build.0 = Debug|Any CPU
		{F480A6C8-045B-45A5-AA6C-F2D4C02F49EA}.Debug|x86.Deploy.0 = Debug|Any CPU
		{F480A6C8-045B-45A5-AA6C-F2D4C02F49EA}.Release|Any CPU.ActiveCfg = Release|Any CPU
		{F480A6C8-045B-45A5-AA6C-F2D4C02F49EA}.Release|Any CPU.Build.0 = Release|Any CPU
		{F480A6C8-045B-45A5-AA6C-F2D4C02F49EA}.Release|Any CPU.Deploy.0 = Release|Any CPU
		{F480A6C8-045B-45A5-AA6C-F2D4C02F49EA}.Release|ARM.ActiveCfg = Release|Any CPU
		{F480A6C8-045B-45A5-AA6C-F2D4C02F49EA}.Release|ARM.Build.0 = Release|Any CPU
		{F480A6C8-045B-45A5-AA6C-F2D4C02F49EA}.Release|ARM.Deploy.0 = Release|Any CPU
		{F480A6C8-045B-45A5-AA6C-F2D4C02F49EA}.Release|iPhone.ActiveCfg = Release|Any CPU
		{F480A6C8-045B-45A5-AA6C-F2D4C02F49EA}.Release|iPhone.Build.0 = Release|Any CPU
		{F480A6C8-045B-45A5-AA6C-F2D4C02F49EA}.Release|iPhone.Deploy.0 = Release|Any CPU
		{F480A6C8-045B-45A5-AA6C-F2D4C02F49EA}.Release|iPhoneSimulator.ActiveCfg = Release|Any CPU
		{F480A6C8-045B-45A5-AA6C-F2D4C02F49EA}.Release|iPhoneSimulator.Build.0 = Release|Any CPU
		{F480A6C8-045B-45A5-AA6C-F2D4C02F49EA}.Release|iPhoneSimulator.Deploy.0 = Release|Any CPU
		{F480A6C8-045B-45A5-AA6C-F2D4C02F49EA}.Release|x64.ActiveCfg = Release|Any CPU
		{F480A6C8-045B-45A5-AA6C-F2D4C02F49EA}.Release|x64.Build.0 = Release|Any CPU
		{F480A6C8-045B-45A5-AA6C-F2D4C02F49EA}.Release|x64.Deploy.0 = Release|Any CPU
		{F480A6C8-045B-45A5-AA6C-F2D4C02F49EA}.Release|x86.ActiveCfg = Release|Any CPU
		{F480A6C8-045B-45A5-AA6C-F2D4C02F49EA}.Release|x86.Build.0 = Release|Any CPU
		{F480A6C8-045B-45A5-AA6C-F2D4C02F49EA}.Release|x86.Deploy.0 = Release|Any CPU
		{D7D3D490-9826-4087-B89A-5256FDFDDDBF}.Debug|Any CPU.ActiveCfg = Debug|iPhoneSimulator
		{D7D3D490-9826-4087-B89A-5256FDFDDDBF}.Debug|Any CPU.Build.0 = Debug|iPhoneSimulator
		{D7D3D490-9826-4087-B89A-5256FDFDDDBF}.Debug|Any CPU.Deploy.0 = Debug|iPhoneSimulator
		{D7D3D490-9826-4087-B89A-5256FDFDDDBF}.Debug|ARM.ActiveCfg = Debug|iPhone
		{D7D3D490-9826-4087-B89A-5256FDFDDDBF}.Debug|ARM.Build.0 = Debug|iPhone
		{D7D3D490-9826-4087-B89A-5256FDFDDDBF}.Debug|ARM.Deploy.0 = Debug|iPhone
		{D7D3D490-9826-4087-B89A-5256FDFDDDBF}.Debug|iPhone.ActiveCfg = Debug|iPhone
		{D7D3D490-9826-4087-B89A-5256FDFDDDBF}.Debug|iPhone.Build.0 = Debug|iPhone
		{D7D3D490-9826-4087-B89A-5256FDFDDDBF}.Debug|iPhone.Deploy.0 = Debug|iPhone
		{D7D3D490-9826-4087-B89A-5256FDFDDDBF}.Debug|iPhoneSimulator.ActiveCfg = Debug|iPhoneSimulator
		{D7D3D490-9826-4087-B89A-5256FDFDDDBF}.Debug|iPhoneSimulator.Build.0 = Debug|iPhoneSimulator
		{D7D3D490-9826-4087-B89A-5256FDFDDDBF}.Debug|iPhoneSimulator.Deploy.0 = Debug|iPhoneSimulator
		{D7D3D490-9826-4087-B89A-5256FDFDDDBF}.Debug|x64.ActiveCfg = Debug|iPhoneSimulator
		{D7D3D490-9826-4087-B89A-5256FDFDDDBF}.Debug|x64.Build.0 = Debug|iPhoneSimulator
		{D7D3D490-9826-4087-B89A-5256FDFDDDBF}.Debug|x64.Deploy.0 = Debug|iPhoneSimulator
		{D7D3D490-9826-4087-B89A-5256FDFDDDBF}.Debug|x86.ActiveCfg = Debug|iPhoneSimulator
		{D7D3D490-9826-4087-B89A-5256FDFDDDBF}.Debug|x86.Build.0 = Debug|iPhoneSimulator
		{D7D3D490-9826-4087-B89A-5256FDFDDDBF}.Debug|x86.Deploy.0 = Debug|iPhoneSimulator
		{D7D3D490-9826-4087-B89A-5256FDFDDDBF}.Release|Any CPU.ActiveCfg = Release|iPhoneSimulator
		{D7D3D490-9826-4087-B89A-5256FDFDDDBF}.Release|Any CPU.Build.0 = Release|iPhoneSimulator
		{D7D3D490-9826-4087-B89A-5256FDFDDDBF}.Release|Any CPU.Deploy.0 = Release|iPhoneSimulator
		{D7D3D490-9826-4087-B89A-5256FDFDDDBF}.Release|ARM.ActiveCfg = Release|iPhoneSimulator
		{D7D3D490-9826-4087-B89A-5256FDFDDDBF}.Release|ARM.Build.0 = Release|iPhoneSimulator
		{D7D3D490-9826-4087-B89A-5256FDFDDDBF}.Release|ARM.Deploy.0 = Release|iPhoneSimulator
		{D7D3D490-9826-4087-B89A-5256FDFDDDBF}.Release|iPhone.ActiveCfg = Release|iPhone
		{D7D3D490-9826-4087-B89A-5256FDFDDDBF}.Release|iPhone.Build.0 = Release|iPhone
		{D7D3D490-9826-4087-B89A-5256FDFDDDBF}.Release|iPhone.Deploy.0 = Release|iPhone
		{D7D3D490-9826-4087-B89A-5256FDFDDDBF}.Release|iPhoneSimulator.ActiveCfg = Release|iPhoneSimulator
		{D7D3D490-9826-4087-B89A-5256FDFDDDBF}.Release|iPhoneSimulator.Build.0 = Release|iPhoneSimulator
		{D7D3D490-9826-4087-B89A-5256FDFDDDBF}.Release|iPhoneSimulator.Deploy.0 = Release|iPhoneSimulator
		{D7D3D490-9826-4087-B89A-5256FDFDDDBF}.Release|x64.ActiveCfg = Release|iPhoneSimulator
		{D7D3D490-9826-4087-B89A-5256FDFDDDBF}.Release|x64.Build.0 = Release|iPhoneSimulator
		{D7D3D490-9826-4087-B89A-5256FDFDDDBF}.Release|x64.Deploy.0 = Release|iPhoneSimulator
		{D7D3D490-9826-4087-B89A-5256FDFDDDBF}.Release|x86.ActiveCfg = Release|iPhoneSimulator
		{D7D3D490-9826-4087-B89A-5256FDFDDDBF}.Release|x86.Build.0 = Release|iPhoneSimulator
		{D7D3D490-9826-4087-B89A-5256FDFDDDBF}.Release|x86.Deploy.0 = Release|iPhoneSimulator
		{09FDC728-1B05-45F2-A4E7-98180274B58E}.Debug|Any CPU.ActiveCfg = Debug|Any CPU
		{09FDC728-1B05-45F2-A4E7-98180274B58E}.Debug|Any CPU.Build.0 = Debug|Any CPU
		{09FDC728-1B05-45F2-A4E7-98180274B58E}.Debug|Any CPU.Deploy.0 = Debug|Any CPU
		{09FDC728-1B05-45F2-A4E7-98180274B58E}.Debug|ARM.ActiveCfg = Debug|Any CPU
		{09FDC728-1B05-45F2-A4E7-98180274B58E}.Debug|ARM.Build.0 = Debug|Any CPU
		{09FDC728-1B05-45F2-A4E7-98180274B58E}.Debug|ARM.Deploy.0 = Debug|Any CPU
		{09FDC728-1B05-45F2-A4E7-98180274B58E}.Debug|iPhone.ActiveCfg = Debug|Any CPU
		{09FDC728-1B05-45F2-A4E7-98180274B58E}.Debug|iPhone.Build.0 = Debug|Any CPU
		{09FDC728-1B05-45F2-A4E7-98180274B58E}.Debug|iPhone.Deploy.0 = Debug|Any CPU
		{09FDC728-1B05-45F2-A4E7-98180274B58E}.Debug|iPhoneSimulator.ActiveCfg = Debug|Any CPU
		{09FDC728-1B05-45F2-A4E7-98180274B58E}.Debug|iPhoneSimulator.Build.0 = Debug|Any CPU
		{09FDC728-1B05-45F2-A4E7-98180274B58E}.Debug|iPhoneSimulator.Deploy.0 = Debug|Any CPU
		{09FDC728-1B05-45F2-A4E7-98180274B58E}.Debug|x64.ActiveCfg = Debug|Any CPU
		{09FDC728-1B05-45F2-A4E7-98180274B58E}.Debug|x64.Build.0 = Debug|Any CPU
		{09FDC728-1B05-45F2-A4E7-98180274B58E}.Debug|x64.Deploy.0 = Debug|Any CPU
		{09FDC728-1B05-45F2-A4E7-98180274B58E}.Debug|x86.ActiveCfg = Debug|Any CPU
		{09FDC728-1B05-45F2-A4E7-98180274B58E}.Debug|x86.Build.0 = Debug|Any CPU
		{09FDC728-1B05-45F2-A4E7-98180274B58E}.Debug|x86.Deploy.0 = Debug|Any CPU
		{09FDC728-1B05-45F2-A4E7-98180274B58E}.Release|Any CPU.ActiveCfg = Release|Any CPU
		{09FDC728-1B05-45F2-A4E7-98180274B58E}.Release|Any CPU.Build.0 = Release|Any CPU
		{09FDC728-1B05-45F2-A4E7-98180274B58E}.Release|Any CPU.Deploy.0 = Release|Any CPU
		{09FDC728-1B05-45F2-A4E7-98180274B58E}.Release|ARM.ActiveCfg = Release|Any CPU
		{09FDC728-1B05-45F2-A4E7-98180274B58E}.Release|ARM.Build.0 = Release|Any CPU
		{09FDC728-1B05-45F2-A4E7-98180274B58E}.Release|ARM.Deploy.0 = Release|Any CPU
		{09FDC728-1B05-45F2-A4E7-98180274B58E}.Release|iPhone.ActiveCfg = Release|Any CPU
		{09FDC728-1B05-45F2-A4E7-98180274B58E}.Release|iPhone.Build.0 = Release|Any CPU
		{09FDC728-1B05-45F2-A4E7-98180274B58E}.Release|iPhone.Deploy.0 = Release|Any CPU
		{09FDC728-1B05-45F2-A4E7-98180274B58E}.Release|iPhoneSimulator.ActiveCfg = Release|Any CPU
		{09FDC728-1B05-45F2-A4E7-98180274B58E}.Release|iPhoneSimulator.Build.0 = Release|Any CPU
		{09FDC728-1B05-45F2-A4E7-98180274B58E}.Release|iPhoneSimulator.Deploy.0 = Release|Any CPU
		{09FDC728-1B05-45F2-A4E7-98180274B58E}.Release|x64.ActiveCfg = Release|Any CPU
		{09FDC728-1B05-45F2-A4E7-98180274B58E}.Release|x64.Build.0 = Release|Any CPU
		{09FDC728-1B05-45F2-A4E7-98180274B58E}.Release|x64.Deploy.0 = Release|Any CPU
		{09FDC728-1B05-45F2-A4E7-98180274B58E}.Release|x86.ActiveCfg = Release|Any CPU
		{09FDC728-1B05-45F2-A4E7-98180274B58E}.Release|x86.Build.0 = Release|Any CPU
		{09FDC728-1B05-45F2-A4E7-98180274B58E}.Release|x86.Deploy.0 = Release|Any CPU
	EndGlobalSection
	GlobalSection(SolutionProperties) = preSolution
		HideSolutionNode = FALSE
	EndGlobalSection
	GlobalSection(ExtensibilityGlobals) = postSolution
		SolutionGuid = {1EFD8B11-1E06-4B43-BBBA-2CD214621599}
	EndGlobalSection
EndGlobal
